
Microsoft Visual Studio Solution File, Format Version 12.00
Project("{FAE04EC0-301F-11D3-BF4B-00C04F79EFBC}") = "HotelListing.API", "HotelListing.API\HotelListing.API.csproj", "{F359AD3F-EB20-4F08-8215-03F831658B23}"
EndProject
Project("{FAE04EC0-301F-11D3-BF4B-00C04F79EFBC}") = "HotelListing.Core", "HotelListing.Core\HotelListing.Core.csproj", "{7FED2DAE-6450-4E8C-BBEE-88EC7B14891E}"
EndProject
Project("{FAE04EC0-301F-11D3-BF4B-00C04F79EFBC}") = "HotelListing.Data", "HotelListing.Data\HotelListing.Data.csproj", "{503DA534-6717-413F-88ED-74F9279FDF87}"
EndProject
Global
	GlobalSection(SolutionConfigurationPlatforms) = preSolution
		Debug|Any CPU = Debug|Any CPU
		Release|Any CPU = Release|Any CPU
	EndGlobalSection
	GlobalSection(ProjectConfigurationPlatforms) = postSolution
		{F359AD3F-EB20-4F08-8215-03F831658B23}.Debug|Any CPU.ActiveCfg = Debug|Any CPU
		{F359AD3F-EB20-4F08-8215-03F831658B23}.Debug|Any CPU.Build.0 = Debug|Any CPU
		{F359AD3F-EB20-4F08-8215-03F831658B23}.Release|Any CPU.ActiveCfg = Release|Any CPU
		{F359AD3F-EB20-4F08-8215-03F831658B23}.Release|Any CPU.Build.0 = Release|Any CPU
		{7FED2DAE-6450-4E8C-BBEE-88EC7B14891E}.Debug|Any CPU.ActiveCfg = Debug|Any CPU
		{7FED2DAE-6450-4E8C-BBEE-88EC7B14891E}.Debug|Any CPU.Build.0 = Debug|Any CPU
		{7FED2DAE-6450-4E8C-BBEE-88EC7B14891E}.Release|Any CPU.ActiveCfg = Release|Any CPU
		{7FED2DAE-6450-4E8C-BBEE-88EC7B14891E}.Release|Any CPU.Build.0 = Release|Any CPU
		{503DA534-6717-413F-88ED-74F9279FDF87}.Debug|Any CPU.ActiveCfg = Debug|Any CPU
		{503DA534-6717-413F-88ED-74F9279FDF87}.Debug|Any CPU.Build.0 = Debug|Any CPU
		{503DA534-6717-413F-88ED-74F9279FDF87}.Release|Any CPU.ActiveCfg = Release|Any CPU
		{503DA534-6717-413F-88ED-74F9279FDF87}.Release|Any CPU.Build.0 = Release|Any CPU
	EndGlobalSection
EndGlobal
